
Microsoft Visual Studio Solution File, Format Version 12.00
# Visual Studio Version 16
VisualStudioVersion = 16.0.30907.101
MinimumVisualStudioVersion = 10.0.40219.1
Project("{FAE04EC0-301F-11D3-BF4B-00C04F79EFBC}") = "KontrahenciPPD_5", "KontrahenciPPD_5\KontrahenciPPD_5.csproj", "{C9A1B553-3EAB-4E21-AEE2-5E05F5B09CD5}"
EndProject
Global
	GlobalSection(SolutionConfigurationPlatforms) = preSolution
		Debug|Any CPU = Debug|Any CPU
		Release|Any CPU = Release|Any CPU
	EndGlobalSection
	GlobalSection(ProjectConfigurationPlatforms) = postSolution
		{C9A1B553-3EAB-4E21-AEE2-5E05F5B09CD5}.Debug|Any CPU.ActiveCfg = Debug|Any CPU
		{C9A1B553-3EAB-4E21-AEE2-5E05F5B09CD5}.Debug|Any CPU.Build.0 = Debug|Any CPU
		{C9A1B553-3EAB-4E21-AEE2-5E05F5B09CD5}.Release|Any CPU.ActiveCfg = Release|Any CPU
		{C9A1B553-3EAB-4E21-AEE2-5E05F5B09CD5}.Release|Any CPU.Build.0 = Release|Any CPU
	EndGlobalSection
	GlobalSection(SolutionProperties) = preSolution
		HideSolutionNode = FALSE
	EndGlobalSection
	GlobalSection(ExtensibilityGlobals) = postSolution
		SolutionGuid = {FB47A3E0-33E9-45D6-BBD9-042EF7CB1956}
	EndGlobalSection
EndGlobal
